Microsoft Visual Studio Solution File, Format Version 12.00
# 
Project("{948A7CA2-4066-4C79-8F81-3965D9988631}") = "COLT_API", "COLT_API/COLT_API.csproj", "{EE7C39EB-3FA7-4EC7-ADE7-86809C28DDE4}"
EndProject
Global
	GlobalSection(SolutionConfigurationPlatforms) = preSolution
		Debug|Any CPU = Debug|Any CPU
		Release|Any CPU = Release|Any CPU
	EndGlobalSection
	GlobalSection(ProjectConfigurationPlatforms) = postSolution
		{EE7C39EB-3FA7-4EC7-ADE7-86809C28DDE4}.Debug|Any CPU.ActiveCfg = Debug|Any CPU
		{EE7C39EB-3FA7-4EC7-ADE7-86809C28DDE4}.Debug|Any CPU.Build.0 = Debug|Any CPU
		{EE7C39EB-3FA7-4EC7-ADE7-86809C28DDE4}.Release|Any CPU.ActiveCfg = Release|Any CPU
		{EE7C39EB-3FA7-4EC7-ADE7-86809C28DDE4}.Release|Any CPU.Build.0 = Release|Any CPU
	EndGlobalSection
EndGlobal